{
  "version": 4,
  "terraform_version": "1.3.6",
  "serial": 763,
  "lineage": "39141cd4-fe8c-d71c-81a2-729018025180",
  "outputs": {},
  "resources": [
    {
      "module": "module.nginx",
      "mode": "managed",
      "type": "docker_container",
      "name": "nginx",
      "provider": "module.nginx.provider[\"registry.terraform.io/kreuzwerker/docker\"]",
      "instances": [
        {
          "schema_version": 2,
          "attributes": {
            "attach": false,
            "bridge": "",
            "capabilities": [],
            "command": [
              "nginx",
              "-g",
              "daemon off;"
            ],
            "container_logs": null,
            "container_read_refresh_timeout_milliseconds": 15000,
            "cpu_set": "",
            "cpu_shares": 0,
            "destroy_grace_seconds": null,
            "devices": [],
            "dns": null,
            "dns_opts": null,
            "dns_search": null,
            "domainname": "",
            "entrypoint": [
              "/docker-entrypoint.sh"
            ],
            "env": [],
            "exit_code": null,
            "gateway": "172.17.0.1",
            "gpus": null,
            "group_add": null,
            "healthcheck": null,
            "host": [],
            "hostname": "15bb769294f0",
            "id": "15bb769294f0185b5be98696ac5dec34b860d2c307b1eb385d15f32188eacc1e",
            "image": "sha256:71f2fdc8b2196151118f6a0648837d44169ce125578ff1001f5c8993e3f1cbed",
            "init": false,
            "ip_address": "172.17.0.3",
            "ip_prefix_length": 16,
            "ipc_mode": "private",
            "labels": [],
            "links": null,
            "log_driver": "json-file",
            "log_opts": null,
            "logs": false,
            "max_retry_count": 0,
            "memory": 0,
            "memory_swap": 0,
            "mounts": [],
            "must_run": true,
            "name": "nginx_webpage",
            "network_alias": null,
            "network_data": [
              {
                "gateway": "172.17.0.1",
                "global_ipv6_address": "",
                "global_ipv6_prefix_length": 0,
                "ip_address": "172.17.0.3",
                "ip_prefix_length": 16,
                "ipv6_gateway": "",
                "network_name": "bridge"
              }
            ],
            "network_mode": "default",
            "networks": null,
            "networks_advanced": [],
            "pid_mode": "",
            "ports": [
              {
                "external": 8080,
                "internal": 80,
                "ip": "0.0.0.0",
                "protocol": "tcp"
              }
            ],
            "privileged": false,
            "publish_all_ports": false,
            "read_only": false,
            "remove_volumes": true,
            "restart": "no",
            "rm": false,
            "runtime": "runc",
            "security_opts": [],
            "shm_size": 64,
            "start": true,
            "stdin_open": false,
            "stop_signal": "SIGQUIT",
            "stop_timeout": 0,
            "storage_opts": null,
            "sysctls": null,
            "tmpfs": null,
            "tty": false,
            "ulimit": [],
            "upload": [],
            "user": "",
            "userns_mode": "",
            "volumes": [],
            "working_dir": ""
          },
          "sensitive_attributes": [],
          "private": "eyJzY2hlbWFfdmVyc2lvbiI6IjIifQ==",
          "dependencies": [
            "module.nginx.docker_image.nginx"
          ]
        }
      ]
    },
    {
      "module": "module.nginx",
      "mode": "managed",
      "type": "docker_image",
      "name": "nginx",
      "provider": "module.nginx.provider[\"registry.terraform.io/kreuzwerker/docker\"]",
      "instances": [
        {
          "schema_version": 0,
          "attributes": {
            "build": [
              {
                "build_arg": null,
                "dockerfile": "Dockerfile",
                "force_remove": null,
                "label": null,
                "no_cache": null,
                "path": "./modules/nginx",
                "remove": true,
                "tag": [],
                "target": ""
              }
            ],
            "force_remove": null,
            "id": "sha256:71f2fdc8b2196151118f6a0648837d44169ce125578ff1001f5c8993e3f1cbednginx-dev:latest",
            "image_id": "sha256:71f2fdc8b2196151118f6a0648837d44169ce125578ff1001f5c8993e3f1cbed",
            "keep_locally": false,
            "latest": "sha256:71f2fdc8b2196151118f6a0648837d44169ce125578ff1001f5c8993e3f1cbed",
            "name": "nginx-dev:latest",
            "output": null,
            "pull_trigger": null,
            "pull_triggers": null,
            "repo_digest": "",
            "triggers": null
          },
          "sensitive_attributes": [],
          "private": "bnVsbA=="
        }
      ]
    },
    {
      "module": "module.webpage",
      "mode": "managed",
      "type": "docker_container",
      "name": "flask",
      "provider": "module.webpage.provider[\"registry.terraform.io/kreuzwerker/docker\"]",
      "instances": [
        {
          "schema_version": 2,
          "attributes": {
            "attach": false,
            "bridge": "",
            "capabilities": [],
            "command": [
              "gunicorn",
              "--bind",
              "0.0.0:80",
              "wsgi:app"
            ],
            "container_logs": null,
            "container_read_refresh_timeout_milliseconds": 15000,
            "cpu_set": "",
            "cpu_shares": 0,
            "destroy_grace_seconds": null,
            "devices": [],
            "dns": null,
            "dns_opts": null,
            "dns_search": null,
            "domainname": "",
            "entrypoint": [],
            "env": [],
            "exit_code": null,
            "gateway": "172.17.0.1",
            "gpus": null,
            "group_add": null,
            "healthcheck": null,
            "host": [],
            "hostname": "216e41613eb4",
            "id": "216e41613eb48b22030f955df77923b6e76696ec7b074f12614048c68ab82196",
            "image": "sha256:3853168b459120e47e05e357b18ea3f2f14e6a2826fe45fbb3a8e567aedcecb6",
            "init": false,
            "ip_address": "172.17.0.4",
            "ip_prefix_length": 16,
            "ipc_mode": "private",
            "labels": [],
            "links": null,
            "log_driver": "json-file",
            "log_opts": null,
            "logs": false,
            "max_retry_count": 0,
            "memory": 0,
            "memory_swap": 0,
            "mounts": [],
            "must_run": true,
            "name": "flask_container",
            "network_alias": null,
            "network_data": [
              {
                "gateway": "172.17.0.1",
                "global_ipv6_address": "",
                "global_ipv6_prefix_length": 0,
                "ip_address": "172.17.0.4",
                "ip_prefix_length": 16,
                "ipv6_gateway": "",
                "network_name": "bridge"
              }
            ],
            "network_mode": "default",
            "networks": null,
            "networks_advanced": [],
            "pid_mode": "",
            "ports": [
              {
                "external": 81,
                "internal": 80,
                "ip": "0.0.0.0",
                "protocol": "tcp"
              }
            ],
            "privileged": false,
            "publish_all_ports": false,
            "read_only": false,
            "remove_volumes": true,
            "restart": "no",
            "rm": false,
            "runtime": "runc",
            "security_opts": [],
            "shm_size": 64,
            "start": true,
            "stdin_open": false,
            "stop_signal": "",
            "stop_timeout": 0,
            "storage_opts": null,
            "sysctls": null,
            "tmpfs": null,
            "tty": false,
            "ulimit": [],
            "upload": [],
            "user": "app",
            "userns_mode": "",
            "volumes": [
              {
                "container_path": "/downloads",
                "from_container": "",
                "host_path": "/mnt/c/Users/Chew Shi Tian/Downloads/00. Work/gcc/localnexus/modules/webpage/packages/",
                "read_only": false,
                "volume_name": ""
              },
              {
                "container_path": "/opt/app",
                "from_container": "",
                "host_path": "/mnt/c/Users/Chew Shi Tian/Downloads/00. Work/gcc/localnexus/modules/webpage/flask",
                "read_only": true,
                "volume_name": ""
              }
            ],
            "working_dir": "/opt/app"
          },
          "sensitive_attributes": [],
          "private": "eyJzY2hlbWFfdmVyc2lvbiI6IjIifQ==",
          "dependencies": [
            "module.webpage.docker_image.flask"
          ]
        }
      ]
    },
    {
      "module": "module.webpage",
      "mode": "managed",
      "type": "docker_container",
      "name": "postgres",
      "provider": "module.webpage.provider[\"registry.terraform.io/kreuzwerker/docker\"]",
      "instances": [
        {
          "schema_version": 2,
          "attributes": {
            "attach": false,
            "bridge": "",
            "capabilities": [],
            "command": [
              "postgres"
            ],
            "container_logs": null,
            "container_read_refresh_timeout_milliseconds": 15000,
            "cpu_set": "",
            "cpu_shares": 0,
            "destroy_grace_seconds": null,
            "devices": [],
            "dns": null,
            "dns_opts": null,
            "dns_search": null,
            "domainname": "",
            "entrypoint": [
              "docker-entrypoint.sh"
            ],
            "env": [],
            "exit_code": null,
            "gateway": "172.17.0.1",
            "gpus": null,
            "group_add": null,
            "healthcheck": null,
            "host": [],
            "hostname": "ed316a2b3257",
            "id": "ed316a2b32576a4daf8b16b6df3b35881672cd109d9e4e9baaf960c878861a7c",
            "image": "sha256:6934744d4bc0053c845f8a2dd829c940520b3f3d1b26780ed948b64564bd79d4",
            "init": false,
            "ip_address": "172.17.0.2",
            "ip_prefix_length": 16,
            "ipc_mode": "private",
            "labels": [],
            "links": null,
            "log_driver": "json-file",
            "log_opts": null,
            "logs": false,
            "max_retry_count": 0,
            "memory": 0,
            "memory_swap": 0,
            "mounts": [],
            "must_run": true,
            "name": "postgres_flask",
            "network_alias": null,
            "network_data": [
              {
                "gateway": "172.17.0.1",
                "global_ipv6_address": "",
                "global_ipv6_prefix_length": 0,
                "ip_address": "172.17.0.2",
                "ip_prefix_length": 16,
                "ipv6_gateway": "",
                "network_name": "bridge"
              }
            ],
            "network_mode": "default",
            "networks": null,
            "networks_advanced": [],
            "pid_mode": "",
            "ports": [
              {
                "external": 5432,
                "internal": 5432,
                "ip": "0.0.0.0",
                "protocol": "tcp"
              }
            ],
            "privileged": false,
            "publish_all_ports": false,
            "read_only": false,
            "remove_volumes": true,
            "restart": "no",
            "rm": false,
            "runtime": "runc",
            "security_opts": [],
            "shm_size": 64,
            "start": true,
            "stdin_open": false,
            "stop_signal": "SIGINT",
            "stop_timeout": 0,
            "storage_opts": null,
            "sysctls": null,
            "tmpfs": null,
            "tty": false,
            "ulimit": [],
            "upload": [],
            "user": "",
            "userns_mode": "",
            "volumes": [
              {
                "container_path": "/var/lib/postgresql/",
                "from_container": "",
                "host_path": "/mnt/c/Users/Chew Shi Tian/Downloads/00. Work/gcc/localnexus/modules/webpage/postgres/",
                "read_only": false,
                "volume_name": ""
              }
            ],
            "working_dir": ""
          },
          "sensitive_attributes": [],
          "private": "eyJzY2hlbWFfdmVyc2lvbiI6IjIifQ==",
          "dependencies": [
            "module.webpage.docker_container.flask",
            "module.webpage.docker_image.flask",
            "module.webpage.docker_image.postgres"
          ]
        }
      ]
    },
    {
      "module": "module.webpage",
      "mode": "managed",
      "type": "docker_image",
      "name": "flask",
      "provider": "module.webpage.provider[\"registry.terraform.io/kreuzwerker/docker\"]",
      "instances": [
        {
          "schema_version": 0,
          "attributes": {
            "build": [
              {
                "build_arg": null,
                "dockerfile": "Dockerfile",
                "force_remove": null,
                "label": null,
                "no_cache": null,
                "path": "./modules/webpage/flask",
                "remove": true,
                "tag": [],
                "target": ""
              }
            ],
            "force_remove": null,
            "id": "sha256:3853168b459120e47e05e357b18ea3f2f14e6a2826fe45fbb3a8e567aedcecb6flask-dev:latest",
            "image_id": "sha256:3853168b459120e47e05e357b18ea3f2f14e6a2826fe45fbb3a8e567aedcecb6",
            "keep_locally": false,
            "latest": "sha256:3853168b459120e47e05e357b18ea3f2f14e6a2826fe45fbb3a8e567aedcecb6",
            "name": "flask-dev:latest",
            "output": null,
            "pull_trigger": null,
            "pull_triggers": null,
            "repo_digest": "",
            "triggers": null
          },
          "sensitive_attributes": [],
          "private": "bnVsbA=="
        }
      ]
    },
    {
      "module": "module.webpage",
      "mode": "managed",
      "type": "docker_image",
      "name": "postgres",
      "provider": "module.webpage.provider[\"registry.terraform.io/kreuzwerker/docker\"]",
      "instances": [
        {
          "schema_version": 0,
          "attributes": {
            "build": [
              {
                "build_arg": null,
                "dockerfile": "Dockerfile",
                "force_remove": null,
                "label": null,
                "no_cache": null,
                "path": "./modules/webpage/postgres",
                "remove": true,
                "tag": [],
                "target": ""
              }
            ],
            "force_remove": null,
            "id": "sha256:6934744d4bc0053c845f8a2dd829c940520b3f3d1b26780ed948b64564bd79d4postgres-dev:latest",
            "image_id": "sha256:6934744d4bc0053c845f8a2dd829c940520b3f3d1b26780ed948b64564bd79d4",
            "keep_locally": false,
            "latest": "sha256:6934744d4bc0053c845f8a2dd829c940520b3f3d1b26780ed948b64564bd79d4",
            "name": "postgres-dev:latest",
            "output": null,
            "pull_trigger": null,
            "pull_triggers": null,
            "repo_digest": "",
            "triggers": null
          },
          "sensitive_attributes": [],
          "private": "bnVsbA=="
        }
      ]
    },
    {
      "module": "module.webpage",
      "mode": "managed",
      "type": "docker_volume",
      "name": "flask_downloads",
      "provider": "module.webpage.provider[\"registry.terraform.io/kreuzwerker/docker\"]",
      "instances": [
        {
          "schema_version": 1,
          "attributes": {
            "driver": "local",
            "driver_opts": null,
            "id": "flask_downloads",
            "labels": [],
            "mountpoint": "/var/lib/docker/volumes/flask_downloads/_data",
            "name": "flask_downloads"
          },
          "sensitive_attributes": [],
          "private": "eyJzY2hlbWFfdmVyc2lvbiI6IjEifQ=="
        }
      ]
    },
    {
      "module": "module.webpage",
      "mode": "managed",
      "type": "docker_volume",
      "name": "flask_python",
      "provider": "module.webpage.provider[\"registry.terraform.io/kreuzwerker/docker\"]",
      "instances": [
        {
          "schema_version": 1,
          "attributes": {
            "driver": "local",
            "driver_opts": null,
            "id": "flask_python",
            "labels": [],
            "mountpoint": "/var/lib/docker/volumes/flask_python/_data",
            "name": "flask_python"
          },
          "sensitive_attributes": [],
          "private": "eyJzY2hlbWFfdmVyc2lvbiI6IjEifQ=="
        }
      ]
    }
  ],
  "check_results": null
}
