{
  "version": 4,
  "terraform_version": "1.3.6",
  "serial": 17,
  "lineage": "39141cd4-fe8c-d71c-81a2-729018025180",
  "outputs": {},
  "resources": [
    {
      "mode": "managed",
      "type": "docker_image",
      "name": "nginx",
      "provider": "provider[\"registry.terraform.io/kreuzwerker/docker\"]",
      "instances": [
        {
          "schema_version": 0,
          "attributes": {
            "build": [
              {
                "build_arg": null,
                "dockerfile": "Dockerfile",
                "force_remove": null,
                "label": null,
                "no_cache": null,
                "path": "./nginx",
                "remove": true,
                "tag": [],
                "target": ""
              }
            ],
            "force_remove": null,
            "id": "sha256:fd5dbbc14495705f7fb4ead4680bfaccaee2f345ae51c61ed0eecfc90870befenginx:latest",
            "keep_locally": false,
            "latest": "sha256:fd5dbbc14495705f7fb4ead4680bfaccaee2f345ae51c61ed0eecfc90870befe",
            "name": "nginx:latest",
            "output": null,
            "pull_trigger": null,
            "pull_triggers": null,
            "repo_digest": ""
          },
          "sensitive_attributes": [],
          "private": "bnVsbA=="
        }
      ]
    }
  ],
  "check_results": null
}
