{
  "version": 4,
  "terraform_version": "1.3.7",
  "serial": 1607,
  "lineage": "39141cd4-fe8c-d71c-81a2-729018025180",
  "outputs": {},
  "resources": [
    {
      "module": "module.nginx",
      "mode": "managed",
      "type": "docker_container",
      "name": "nginx",
      "provider": "module.nginx.provider[\"registry.terraform.io/kreuzwerker/docker\"]",
      "instances": [
        {
          "schema_version": 2,
          "attributes": {
            "attach": false,
            "bridge": "",
            "capabilities": [],
            "command": [
              "nginx",
              "-g",
              "daemon off;"
            ],
            "container_logs": null,
            "container_read_refresh_timeout_milliseconds": 15000,
            "cpu_set": "",
            "cpu_shares": 0,
            "destroy_grace_seconds": null,
            "devices": [],
            "dns": null,
            "dns_opts": null,
            "dns_search": null,
            "domainname": "",
            "entrypoint": [
              "/docker-entrypoint.sh"
            ],
            "env": [],
            "exit_code": null,
            "gateway": "172.17.0.1",
            "gpus": null,
            "group_add": null,
            "healthcheck": null,
            "host": [],
            "hostname": "b02f09d6de33",
            "id": "b02f09d6de335e0ac62538a688a2f7e33281e4b5899fb14e6a6c9cf27584d60f",
            "image": "sha256:71f2fdc8b2196151118f6a0648837d44169ce125578ff1001f5c8993e3f1cbed",
            "init": false,
            "ip_address": "172.17.0.2",
            "ip_prefix_length": 16,
            "ipc_mode": "private",
            "labels": [],
            "links": null,
            "log_driver": "json-file",
            "log_opts": null,
            "logs": false,
            "max_retry_count": 0,
            "memory": 0,
            "memory_swap": 0,
            "mounts": [],
            "must_run": true,
            "name": "nginx_webpage",
            "network_alias": null,
            "network_data": [
              {
                "gateway": "172.17.0.1",
                "global_ipv6_address": "",
                "global_ipv6_prefix_length": 0,
                "ip_address": "172.17.0.2",
                "ip_prefix_length": 16,
                "ipv6_gateway": "",
                "network_name": "bridge"
              }
            ],
            "network_mode": "default",
            "networks": null,
            "networks_advanced": [],
            "pid_mode": "",
            "ports": [
              {
                "external": 8080,
                "internal": 80,
                "ip": "0.0.0.0",
                "protocol": "tcp"
              }
            ],
            "privileged": false,
            "publish_all_ports": false,
            "read_only": false,
            "remove_volumes": true,
            "restart": "no",
            "rm": false,
            "runtime": "runc",
            "security_opts": [],
            "shm_size": 64,
            "start": true,
            "stdin_open": false,
            "stop_signal": "SIGQUIT",
            "stop_timeout": 0,
            "storage_opts": null,
            "sysctls": null,
            "tmpfs": null,
            "tty": false,
            "ulimit": [],
            "upload": [],
            "user": "",
            "userns_mode": "",
            "volumes": [],
            "working_dir": ""
          },
          "sensitive_attributes": [],
          "private": "eyJzY2hlbWFfdmVyc2lvbiI6IjIifQ==",
          "dependencies": [
            "module.nginx.docker_image.nginx"
          ]
        }
      ]
    },
    {
      "module": "module.nginx",
      "mode": "managed",
      "type": "docker_image",
      "name": "nginx",
      "provider": "module.nginx.provider[\"registry.terraform.io/kreuzwerker/docker\"]",
      "instances": [
        {
          "schema_version": 0,
          "attributes": {
            "build": [
              {
                "build_arg": {},
                "dockerfile": "Dockerfile",
                "force_remove": false,
                "label": {},
                "no_cache": false,
                "path": "./modules/nginx",
                "remove": true,
                "tag": [],
                "target": ""
              }
            ],
            "force_remove": null,
            "id": "sha256:71f2fdc8b2196151118f6a0648837d44169ce125578ff1001f5c8993e3f1cbednginx-dev:latest",
            "image_id": "sha256:71f2fdc8b2196151118f6a0648837d44169ce125578ff1001f5c8993e3f1cbed",
            "keep_locally": false,
            "latest": "sha256:71f2fdc8b2196151118f6a0648837d44169ce125578ff1001f5c8993e3f1cbed",
            "name": "nginx-dev:latest",
            "output": null,
            "pull_trigger": null,
            "pull_triggers": null,
            "repo_digest": "",
            "triggers": null
          },
          "sensitive_attributes": [],
          "private": "bnVsbA=="
        }
      ]
    },
    {
      "module": "module.webpage",
      "mode": "managed",
      "type": "docker_container",
      "name": "flask",
      "provider": "module.webpage.provider[\"registry.terraform.io/kreuzwerker/docker\"]",
      "instances": []
    },
    {
      "module": "module.webpage",
      "mode": "managed",
      "type": "docker_container",
      "name": "postgres",
      "provider": "module.webpage.provider[\"registry.terraform.io/kreuzwerker/docker\"]",
      "instances": []
    },
    {
      "module": "module.webpage",
      "mode": "managed",
      "type": "docker_image",
      "name": "postgres",
      "provider": "module.webpage.provider[\"registry.terraform.io/kreuzwerker/docker\"]",
      "instances": [
        {
          "schema_version": 0,
          "attributes": {
            "build": [
              {
                "build_arg": {},
                "dockerfile": "Dockerfile",
                "force_remove": false,
                "label": {},
                "no_cache": false,
                "path": "./modules/webpage/postgres",
                "remove": true,
                "tag": [],
                "target": ""
              }
            ],
            "force_remove": null,
            "id": "sha256:6934744d4bc0053c845f8a2dd829c940520b3f3d1b26780ed948b64564bd79d4postgres-dev:latest",
            "image_id": "sha256:6934744d4bc0053c845f8a2dd829c940520b3f3d1b26780ed948b64564bd79d4",
            "keep_locally": false,
            "latest": "sha256:6934744d4bc0053c845f8a2dd829c940520b3f3d1b26780ed948b64564bd79d4",
            "name": "postgres-dev:latest",
            "output": null,
            "pull_trigger": null,
            "pull_triggers": null,
            "repo_digest": "",
            "triggers": null
          },
          "sensitive_attributes": [],
          "private": "bnVsbA=="
        }
      ]
    },
    {
      "module": "module.webpage",
      "mode": "managed",
      "type": "docker_volume",
      "name": "flask_downloads",
      "provider": "module.webpage.provider[\"registry.terraform.io/kreuzwerker/docker\"]",
      "instances": [
        {
          "schema_version": 1,
          "attributes": {
            "driver": "local",
            "driver_opts": {},
            "id": "flask_downloads",
            "labels": [],
            "mountpoint": "/var/lib/docker/volumes/flask_downloads/_data",
            "name": "flask_downloads"
          },
          "sensitive_attributes": [],
          "private": "eyJzY2hlbWFfdmVyc2lvbiI6IjEifQ=="
        }
      ]
    },
    {
      "module": "module.webpage",
      "mode": "managed",
      "type": "docker_volume",
      "name": "flask_python",
      "provider": "module.webpage.provider[\"registry.terraform.io/kreuzwerker/docker\"]",
      "instances": [
        {
          "schema_version": 1,
          "attributes": {
            "driver": "local",
            "driver_opts": {},
            "id": "flask_python",
            "labels": [],
            "mountpoint": "/var/lib/docker/volumes/flask_python/_data",
            "name": "flask_python"
          },
          "sensitive_attributes": [],
          "private": "eyJzY2hlbWFfdmVyc2lvbiI6IjEifQ=="
        }
      ]
    }
  ],
  "check_results": null
}
